
Microsoft Visual Studio Solution File, Format Version 12.00
# Visual Studio Version 16
VisualStudioVersion = 16.0.32228.343
MinimumVisualStudioVersion = 10.0.40219.1
Project("{9A19103F-16F7-4668-BE54-9A1E7A4F7556}") = "RayTracingCS", "RayTracingCS\RayTracingCS.csproj", "{58B46DA1-9135-4300-AB9F-DACF9424DAEA}"
EndProject
Project("{FAE04EC0-301F-11D3-BF4B-00C04F79EFBC}") = "RayTracingCS.UnitTests", "RayTracingCS.UnitTests\RayTracingCS.UnitTests.csproj", "{408764E9-AEAF-4082-8DA0-6E12F19D4936}"
EndProject
Global
	GlobalSection(SolutionConfigurationPlatforms) = preSolution
		Debug|Any CPU = Debug|Any CPU
		Release|Any CPU = Release|Any CPU
	EndGlobalSection
	GlobalSection(ProjectConfigurationPlatforms) = postSolution
		{58B46DA1-9135-4300-AB9F-DACF9424DAEA}.Debug|Any CPU.ActiveCfg = Debug|Any CPU
		{58B46DA1-9135-4300-AB9F-DACF9424DAEA}.Debug|Any CPU.Build.0 = Debug|Any CPU
		{58B46DA1-9135-4300-AB9F-DACF9424DAEA}.Release|Any CPU.ActiveCfg = Release|Any CPU
		{58B46DA1-9135-4300-AB9F-DACF9424DAEA}.Release|Any CPU.Build.0 = Release|Any CPU
		{408764E9-AEAF-4082-8DA0-6E12F19D4936}.Debug|Any CPU.ActiveCfg = Debug|Any CPU
		{408764E9-AEAF-4082-8DA0-6E12F19D4936}.Debug|Any CPU.Build.0 = Debug|Any CPU
		{408764E9-AEAF-4082-8DA0-6E12F19D4936}.Release|Any CPU.ActiveCfg = Release|Any CPU
		{408764E9-AEAF-4082-8DA0-6E12F19D4936}.Release|Any CPU.Build.0 = Release|Any CPU
	EndGlobalSection
	GlobalSection(SolutionProperties) = preSolution
		HideSolutionNode = FALSE
	EndGlobalSection
	GlobalSection(ExtensibilityGlobals) = postSolution
		SolutionGuid = {52C171F7-2B65-4FB4-BDDC-8D00F247ED58}
	EndGlobalSection
EndGlobal
